// !$*UTF8*$!
{
	archiveVersion = 1;
	classes = {
	};
	objectVersion = 50;
	objects = {

/* Begin PBXBuildFile section */
		04B5E174234198A000F7F7E5 /* AppDelegate.swift in Sources */ = {isa = PBXBuildFile; fileRef = 04B5E173234198A000F7F7E5 /* AppDelegate.swift */; };
		04B5E176234198A000F7F7E5 /* SceneDelegate.swift in Sources */ = {isa = PBXBuildFile; fileRef = 04B5E175234198A000F7F7E5 /* SceneDelegate.swift */; };
		04B5E178234198A000F7F7E5 /* ViewController.swift in Sources */ = {isa = PBXBuildFile; fileRef = 04B5E177234198A000F7F7E5 /* ViewController.swift */; };
		04B5E17B234198A000F7F7E5 /* Main.storyboard in Resources */ = {isa = PBXBuildFile; fileRef = 04B5E179234198A000F7F7E5 /* Main.storyboard */; };
		04B5E17D234198A200F7F7E5 /* Assets.xcassets in Resources */ = {isa = PBXBuildFile; fileRef = 04B5E17C234198A200F7F7E5 /* Assets.xcassets */; };
		04B5E180234198A200F7F7E5 /* LaunchScreen.storyboard in Resources */ = {isa = PBXBuildFile; fileRef = 04B5E17E234198A200F7F7E5 /* LaunchScreen.storyboard */; };
		C8E467B9B15EFC050018D827 /* Pods_RxSwiftLearn.framework in Frameworks */ = {isa = PBXBuildFile; fileRef = 3BFAFB2984620C1075233F9B /* Pods_RxSwiftLearn.framework */; };
/* End PBXBuildFile section */

/* Begin PBXFileReference section */
		04B5E170234198A000F7F7E5 /* RxSwiftLearn.app */ = {isa = PBXFileReference; explicitFileType = wrapper.application; includeInIndex = 0; path = RxSwiftLearn.app; sourceTree = BUILT_PRODUCTS_DIR; };
		04B5E173234198A000F7F7E5 /* AppDelegate.swift */ = {isa = PBXFileReference; lastKnownFileType = sourcecode.swift; path = AppDelegate.swift; sourceTree = "<group>"; };
		04B5E175234198A000F7F7E5 /* SceneDelegate.swift */ = {isa = PBXFileReference; lastKnownFileType = sourcecode.swift; path = SceneDelegate.swift; sourceTree = "<group>"; };
		04B5E177234198A000F7F7E5 /* ViewController.swift */ = {isa = PBXFileReference; lastKnownFileType = sourcecode.swift; path = ViewController.swift; sourceTree = "<group>"; };
		04B5E17A234198A000F7F7E5 /* Base */ = {isa = PBXFileReference; lastKnownFileType = file.storyboard; name = Base; path = Base.lproj/Main.storyboard; sourceTree = "<group>"; };
		04B5E17C234198A200F7F7E5 /* Assets.xcassets */ = {isa = PBXFileReference; lastKnownFileType = folder.assetcatalog; path = Assets.xcassets; sourceTree = "<group>"; };
		04B5E17F234198A200F7F7E5 /* Base */ = {isa = PBXFileReference; lastKnownFileType = file.storyboard; name = Base; path = Base.lproj/LaunchScreen.storyboard; sourceTree = "<group>"; };
		04B5E181234198A200F7F7E5 /* Info.plist */ = {isa = PBXFileReference; lastKnownFileType = text.plist.xml; path = Info.plist; sourceTree = "<group>"; };
		14729BF7E82E9BCCD8A97DCB /* Pods-RxSwiftLearn.debug.xcconfig */ = {isa = PBXFileReference; includeInIndex = 1; lastKnownFileType = text.xcconfig; name = "Pods-RxSwiftLearn.debug.xcconfig"; path = "Target Support Files/Pods-RxSwiftLearn/Pods-RxSwiftLearn.debug.xcconfig"; sourceTree = "<group>"; };
		3BFAFB2984620C1075233F9B /* Pods_RxSwiftLearn.framework */ = {isa = PBXFileReference; explicitFileType = wrapper.framework; includeInIndex = 0; path = Pods_RxSwiftLearn.framework; sourceTree = BUILT_PRODUCTS_DIR; };
		D55024F43B35CAD6AD84301B /* Pods-RxSwiftLearn.release.xcconfig */ = {isa = PBXFileReference; includeInIndex = 1; lastKnownFileType = text.xcconfig; name = "Pods-RxSwiftLearn.release.xcconfig"; path = "Target Support Files/Pods-RxSwiftLearn/Pods-RxSwiftLearn.release.xcconfig"; sourceTree = "<group>"; };
/* End PBXFileReference section */

/* Begin PBXFrameworksBuildPhase section */
		04B5E16D234198A000F7F7E5 /* Frameworks */ = {
			isa = PBXFrameworksBuildPhase;
			buildActionMask = 2147483647;
			files = (
				C8E467B9B15EFC050018D827 /* Pods_RxSwiftLearn.framework in Frameworks */,
			);
			runOnlyForDeploymentPostprocessing = 0;
		};
/* End PBXFrameworksBuildPhase section */

/* Begin PBXGroup section */
		04B5E167234198A000F7F7E5 = {
			isa = PBXGroup;
			children = (
				04B5E172234198A000F7F7E5 /* RxSwiftLearn */,
				04B5E171234198A000F7F7E5 /* Products */,
				F66CEA4678D363D0DE212D4C /* Pods */,
				DE3E9BC7E5E4588CFBA0ECD1 /* Frameworks */,
			);
			sourceTree = "<group>";
		};
		04B5E171234198A000F7F7E5 /* Products */ = {
			isa = PBXGroup;
			children = (
				04B5E170234198A000F7F7E5 /* RxSwiftLearn.app */,
			);
			name = Products;
			sourceTree = "<group>";
		};
		04B5E172234198A000F7F7E5 /* RxSwiftLearn */ = {
			isa = PBXGroup;
			children = (
				04B5E173234198A000F7F7E5 /* AppDelegate.swift */,
				04B5E175234198A000F7F7E5 /* SceneDelegate.swift */,
				04B5E177234198A000F7F7E5 /* ViewController.swift */,
				04B5E179234198A000F7F7E5 /* Main.storyboard */,
				04B5E17C234198A200F7F7E5 /* Assets.xcassets */,
				04B5E17E234198A200F7F7E5 /* LaunchScreen.storyboard */,
				04B5E181234198A200F7F7E5 /* Info.plist */,
			);
			path = RxSwiftLearn;
			sourceTree = "<group>";
		};
		DE3E9BC7E5E4588CFBA0ECD1 /* Frameworks */ = {
			isa = PBXGroup;
			children = (
				3BFAFB2984620C1075233F9B /* Pods_RxSwiftLearn.framework */,
			);
			name = Frameworks;
			sourceTree = "<group>";
		};
		F66CEA4678D363D0DE212D4C /* Pods */ = {
			isa = PBXGroup;
			children = (
				14729BF7E82E9BCCD8A97DCB /* Pods-RxSwiftLearn.debug.xcconfig */,
				D55024F43B35CAD6AD84301B /* Pods-RxSwiftLearn.release.xcconfig */,
			);
			name = Pods;
			path = Pods;
			sourceTree = "<group>";
		};
/* End PBXGroup section */

/* Begin PBXNativeTarget section */
		04B5E16F234198A000F7F7E5 /* RxSwiftLearn */ = {
			isa = PBXNativeTarget;
			buildConfigurationList = 04B5E184234198A200F7F7E5 /* Build configuration list for PBXNativeTarget "RxSwiftLearn" */;
			buildPhases = (
				9AC248DD8EE20B1076A6FAE3 /* [CP] Check Pods Manifest.lock */,
				04B5E16C234198A000F7F7E5 /* Sources */,
				04B5E16D234198A000F7F7E5 /* Frameworks */,
				04B5E16E234198A000F7F7E5 /* Resources */,
				785D97C137E18B0F03F6ADF1 /* [CP] Embed Pods Frameworks */,
			);
			buildRules = (
			);
			dependencies = (
			);
			name = RxSwiftLearn;
			productName = RxSwiftLearn;
			productReference = 04B5E170234198A000F7F7E5 /* RxSwiftLearn.app */;
			productType = "com.apple.product-type.application";
		};
/* End PBXNativeTarget section */

/* Begin PBXProject section */
		04B5E168234198A000F7F7E5 /* Project object */ = {
			isa = PBXProject;
			attributes = {
				LastSwiftUpdateCheck = 1100;
				LastUpgradeCheck = 1100;
				ORGANIZATIONNAME = liuxc;
				TargetAttributes = {
					04B5E16F234198A000F7F7E5 = {
						CreatedOnToolsVersion = 11.0;
					};
				};
			};
			buildConfigurationList = 04B5E16B234198A000F7F7E5 /* Build configuration list for PBXProject "RxSwiftLearn" */;
			compatibilityVersion = "Xcode 9.3";
			developmentRegion = en;
			hasScannedForEncodings = 0;
			knownRegions = (
				en,
				Base,
			);
			mainGroup = 04B5E167234198A000F7F7E5;
			productRefGroup = 04B5E171234198A000F7F7E5 /* Products */;
			projectDirPath = "";
			projectRoot = "";
			targets = (
				04B5E16F234198A000F7F7E5 /* RxSwiftLearn */,
			);
		};
/* End PBXProject section */

/* Begin PBXResourcesBuildPhase section */
		04B5E16E234198A000F7F7E5 /* Resources */ = {
			isa = PBXResourcesBuildPhase;
			buildActionMask = 2147483647;
			files = (
				04B5E180234198A200F7F7E5 /* LaunchScreen.storyboard in Resources */,
				04B5E17D234198A200F7F7E5 /* Assets.xcassets in Resources */,
				04B5E17B234198A000F7F7E5 /* Main.storyboard in Resources */,
			);
			runOnlyForDeploymentPostprocessing = 0;
		};
/* End PBXResourcesBuildPhase section */

/* Begin PBXShellScriptBuildPhase section */
		785D97C137E18B0F03F6ADF1 /* [CP] Embed Pods Frameworks */ = {
			isa = PBXShellScriptBuildPhase;
			buildActionMask = 2147483647;
			files = (
			);
			inputFileListPaths = (
				"${PODS_ROOT}/Target Support Files/Pods-RxSwiftLearn/Pods-RxSwiftLearn-frameworks-${CONFIGURATION}-input-files.xcfilelist",
			);
			name = "[CP] Embed Pods Frameworks";
			outputFileListPaths = (
				"${PODS_ROOT}/Target Support Files/Pods-RxSwiftLearn/Pods-RxSwiftLearn-frameworks-${CONFIGURATION}-output-files.xcfilelist",
			);
			runOnlyForDeploymentPostprocessing = 0;
			shellPath = /bin/sh;
			shellScript = "\"${PODS_ROOT}/Target Support Files/Pods-RxSwiftLearn/Pods-RxSwiftLearn-frameworks.sh\"\n";
			showEnvVarsInLog = 0;
		};
		9AC248DD8EE20B1076A6FAE3 /* [CP] Check Pods Manifest.lock */ = {
			isa = PBXShellScriptBuildPhase;
			buildActionMask = 2147483647;
			files = (
			);
			inputFileListPaths = (
			);
			inputPaths = (
				"${PODS_PODFILE_DIR_PATH}/Podfile.lock",
				"${PODS_ROOT}/Manifest.lock",
			);
			name = "[CP] Check Pods Manifest.lock";
			outputFileListPaths = (
			);
			outputPaths = (
				"$(DERIVED_FILE_DIR)/Pods-RxSwiftLearn-checkManifestLockResult.txt",
			);
			runOnlyForDeploymentPostprocessing = 0;
			shellPath = /bin/sh;
			shellScript = "diff \"${PODS_PODFILE_DIR_PATH}/Podfile.lock\" \"${PODS_ROOT}/Manifest.lock\" > /dev/null\nif [ $? != 0 ] ; then\n    # print error to STDERR\n    echo \"error: The sandbox is not in sync with the Podfile.lock. Run 'pod install' or update your CocoaPods installation.\" >&2\n    exit 1\nfi\n# This output is used by Xcode 'outputs' to avoid re-running this script phase.\necho \"SUCCESS\" > \"${SCRIPT_OUTPUT_FILE_0}\"\n";
			showEnvVarsInLog = 0;
		};
/* End PBXShellScriptBuildPhase section */

/* Begin PBXSourcesBuildPhase section */
		04B5E16C234198A000F7F7E5 /* Sources */ = {
			isa = PBXSourcesBuildPhase;
			buildActionMask = 2147483647;
			files = (
				04B5E178234198A000F7F7E5 /* ViewController.swift in Sources */,
				04B5E174234198A000F7F7E5 /* AppDelegate.swift in Sources */,
				04B5E176234198A000F7F7E5 /* SceneDelegate.swift in Sources */,
			);
			runOnlyForDeploymentPostprocessing = 0;
		};
/* End PBXSourcesBuildPhase section */

/* Begin PBXVariantGroup section */
		04B5E179234198A000F7F7E5 /* Main.storyboard */ = {
			isa = PBXVariantGroup;
			children = (
				04B5E17A234198A000F7F7E5 /* Base */,
			);
			name = Main.storyboard;
			sourceTree = "<group>";
		};
		04B5E17E234198A200F7F7E5 /* LaunchScreen.storyboard */ = {
			isa = PBXVariantGroup;
			children = (
				04B5E17F234198A200F7F7E5 /* Base */,
			);
			name = LaunchScreen.storyboard;
			sourceTree = "<group>";
		};
/* End PBXVariantGroup section */

/* Begin XCBuildConfiguration section */
		04B5E182234198A200F7F7E5 /* Debug */ = {
			isa = XCBuildConfiguration;
			buildSettings = {
				ALWAYS_SEARCH_USER_PATHS = NO;
				CLANG_ANALYZER_NONNULL = YES;
				CLANG_ANALYZER_NUMBER_OBJECT_CONVERSION = YES_AGGRESSIVE;
				CLANG_CXX_LANGUAGE_STANDARD = "gnu++14";
				CLANG_CXX_LIBRARY = "libc++";
				CLANG_ENABLE_MODULES = YES;
				CLANG_ENABLE_OBJC_ARC = YES;
				CLANG_ENABLE_OBJC_WEAK = YES;
				CLANG_WARN_BLOCK_CAPTURE_AUTORELEASING = YES;
				CLANG_WARN_BOOL_CONVERSION = YES;
				CLANG_WARN_COMMA = YES;
				CLANG_WARN_CONSTANT_CONVERSION = YES;
				CLANG_WARN_DEPRECATED_OBJC_IMPLEMENTATIONS = YES;
				CLANG_WARN_DIRECT_OBJC_ISA_USAGE = YES_ERROR;
				CLANG_WARN_DOCUMENTATION_COMMENTS = YES;
				CLANG_WARN_EMPTY_BODY = YES;
				CLANG_WARN_ENUM_CONVERSION = YES;
				CLANG_WARN_INFINITE_RECURSION = YES;
				CLANG_WARN_INT_CONVERSION = YES;
				CLANG_WARN_NON_LITERAL_NULL_CONVERSION = YES;
				CLANG_WARN_OBJC_IMPLICIT_RETAIN_SELF = YES;
				CLANG_WARN_OBJC_LITERAL_CONVERSION = YES;
				CLANG_WARN_OBJC_ROOT_CLASS = YES_ERROR;
				CLANG_WARN_RANGE_LOOP_ANALYSIS = YES;
				CLANG_WARN_STRICT_PROTOTYPES = YES;
				CLANG_WARN_SUSPICIOUS_MOVE = YES;
				CLANG_WARN_UNGUARDED_AVAILABILITY = YES_AGGRESSIVE;
				CLANG_WARN_UNREACHABLE_CODE = YES;
				CLANG_WARN__DUPLICATE_METHOD_MATCH = YES;
				COPY_PHASE_STRIP = NO;
				DEBUG_INFORMATION_FORMAT = dwarf;
				ENABLE_STRICT_OBJC_MSGSEND = YES;
				ENABLE_TESTABILITY = YES;
				GCC_C_LANGUAGE_STANDARD = gnu11;
				GCC_DYNAMIC_NO_PIC = NO;
				GCC_NO_COMMON_BLOCKS = YES;
				GCC_OPTIMIZATION_LEVEL = 0;
				GCC_PREPROCESSOR_DEFINITIONS = (
					"DEBUG=1",
					"$(inherited)",
				);
				GCC_WARN_64_TO_32_BIT_CONVERSION = YES;
				GCC_WARN_ABOUT_RETURN_TYPE = YES_ERROR;
				GCC_WARN_UNDECLARED_SELECTOR = YES;
				GCC_WARN_UNINITIALIZED_AUTOS = YES_AGGRESSIVE;
				GCC_WARN_UNUSED_FUNCTION = YES;
				GCC_WARN_UNUSED_VARIABLE = YES;
				IPHONEOS_DEPLOYMENT_TARGET = 13.0;
				MTL_ENABLE_DEBUG_INFO = INCLUDE_SOURCE;
				MTL_FAST_MATH = YES;
				ONLY_ACTIVE_ARCH = YES;
				SDKROOT = iphoneos;
				SWIFT_ACTIVE_COMPILATION_CONDITIONS = DEBUG;
				SWIFT_OPTIMIZATION_LEVEL = "-Onone";
			};
			name = Debug;
		};
		04B5E183234198A200F7F7E5 /* Release */ = {
			isa = XCBuildConfiguration;
			buildSettings = {
				ALWAYS_SEARCH_USER_PATHS = NO;
				CLANG_ANALYZER_NONNULL = YES;
				CLANG_ANALYZER_NUMBER_OBJECT_CONVERSION = YES_AGGRESSIVE;
				CLANG_CXX_LANGUAGE_STANDARD = "gnu++14";
				CLANG_CXX_LIBRARY = "libc++";
				CLANG_ENABLE_MODULES = YES;
				CLANG_ENABLE_OBJC_ARC = YES;
				CLANG_ENABLE_OBJC_WEAK = YES;
				CLANG_WARN_BLOCK_CAPTURE_AUTORELEASING = YES;
				CLANG_WARN_BOOL_CONVERSION = YES;
				CLANG_WARN_COMMA = YES;
				CLANG_WARN_CONSTANT_CONVERSION = YES;
				CLANG_WARN_DEPRECATED_OBJC_IMPLEMENTATIONS = YES;
				CLANG_WARN_DIRECT_OBJC_ISA_USAGE = YES_ERROR;
				CLANG_WARN_DOCUMENTATION_COMMENTS = YES;
				CLANG_WARN_EMPTY_BODY = YES;
				CLANG_WARN_ENUM_CONVERSION = YES;
				CLANG_WARN_INFINITE_RECURSION = YES;
				CLANG_WARN_INT_CONVERSION = YES;
				CLANG_WARN_NON_LITERAL_NULL_CONVERSION = YES;
				CLANG_WARN_OBJC_IMPLICIT_RETAIN_SELF = YES;
				CLANG_WARN_OBJC_LITERAL_CONVERSION = YES;
				CLANG_WARN_OBJC_ROOT_CLASS = YES_ERROR;
				CLANG_WARN_RANGE_LOOP_ANALYSIS = YES;
				CLANG_WARN_STRICT_PROTOTYPES = YES;
				CLANG_WARN_SUSPICIOUS_MOVE = YES;
				CLANG_WARN_UNGUARDED_AVAILABILITY = YES_AGGRESSIVE;
				CLANG_WARN_UNREACHABLE_CODE = YES;
				CLANG_WARN__DUPLICATE_METHOD_MATCH = YES;
				COPY_PHASE_STRIP = NO;
				DEBUG_INFORMATION_FORMAT = "dwarf-with-dsym";
				ENABLE_NS_ASSERTIONS = NO;
				ENABLE_STRICT_OBJC_MSGSEND = YES;
				GCC_C_LANGUAGE_STANDARD = gnu11;
				GCC_NO_COMMON_BLOCKS = YES;
				GCC_WARN_64_TO_32_BIT_CONVERSION = YES;
				GCC_WARN_ABOUT_RETURN_TYPE = YES_ERROR;
				GCC_WARN_UNDECLARED_SELECTOR = YES;
				GCC_WARN_UNINITIALIZED_AUTOS = YES_AGGRESSIVE;
				GCC_WARN_UNUSED_FUNCTION = YES;
				GCC_WARN_UNUSED_VARIABLE = YES;
				IPHONEOS_DEPLOYMENT_TARGET = 13.0;
				MTL_ENABLE_DEBUG_INFO = NO;
				MTL_FAST_MATH = YES;
				SDKROOT = iphoneos;
				SWIFT_COMPILATION_MODE = wholemodule;
				SWIFT_OPTIMIZATION_LEVEL = "-O";
				VALIDATE_PRODUCT = YES;
			};
			name = Release;
		};
		04B5E185234198A200F7F7E5 /* Debug */ = {
			isa = XCBuildConfiguration;
			baseConfigurationReference = 14729BF7E82E9BCCD8A97DCB /* Pods-RxSwiftLearn.debug.xcconfig */;
			buildSettings = {
				ASSETCATALOG_COMPILER_APPICON_NAME = AppIcon;
				CODE_SIGN_STYLE = Automatic;
				DEVELOPMENT_TEAM = E4RZEW9957;
				INFOPLIST_FILE = RxSwiftLearn/Info.plist;
				LD_RUNPATH_SEARCH_PATHS = (
					"$(inherited)",
					"@executable_path/Frameworks",
				);
				PRODUCT_BUNDLE_IDENTIFIER = com.liuxc.RxSwiftLearn;
				PRODUCT_NAME = "$(TARGET_NAME)";
				SWIFT_VERSION = 5.0;
				TARGETED_DEVICE_FAMILY = "1,2";
			};
			name = Debug;
		};
		04B5E186234198A200F7F7E5 /* Release */ = {
			isa = XCBuildConfiguration;
			baseConfigurationReference = D55024F43B35CAD6AD84301B /* Pods-RxSwiftLearn.release.xcconfig */;
			buildSettings = {
				ASSETCATALOG_COMPILER_APPICON_NAME = AppIcon;
				CODE_SIGN_STYLE = Automatic;
				DEVELOPMENT_TEAM = E4RZEW9957;
				INFOPLIST_FILE = RxSwiftLearn/Info.plist;
				LD_RUNPATH_SEARCH_PATHS = (
					"$(inherited)",
					"@executable_path/Frameworks",
				);
				PRODUCT_BUNDLE_IDENTIFIER = com.liuxc.RxSwiftLearn;
				PRODUCT_NAME = "$(TARGET_NAME)";
				SWIFT_VERSION = 5.0;
				TARGETED_DEVICE_FAMILY = "1,2";
			};
			name = Release;
		};
/* End XCBuildConfiguration section */

/* Begin XCConfigurationList section */
		04B5E16B234198A000F7F7E5 /* Build configuration list for PBXProject "RxSwiftLearn" */ = {
			isa = XCConfigurationList;
			buildConfigurations = (
				04B5E182234198A200F7F7E5 /* Debug */,
				04B5E183234198A200F7F7E5 /* Release */,
			);
			defaultConfigurationIsVisible = 0;
			defaultConfigurationName = Release;
		};
		04B5E184234198A200F7F7E5 /* Build configuration list for PBXNativeTarget "RxSwiftLearn" */ = {
			isa = XCConfigurationList;
			buildConfigurations = (
				04B5E185234198A200F7F7E5 /* Debug */,
				04B5E186234198A200F7F7E5 /* Release */,
			);
			defaultConfigurationIsVisible = 0;
			defaultConfigurationName = Release;
		};
/* End XCConfigurationList section */
	};
	rootObject = 04B5E168234198A000F7F7E5 /* Project object */;
}
